
Microsoft Visual Studio Solution File, Format Version 12.00
# Visual Studio Version 17
VisualStudioVersion = 17.3.32929.385
MinimumVisualStudioVersion = 10.0.40219.1
Project("{FAE04EC0-301F-11D3-BF4B-00C04F79EFBC}") = "deops_project", "deops_project\deops_project.csproj", "{2EB8F33C-C77D-44F7-BE7B-C166F8E1D348}"
EndProject
Global
	GlobalSection(SolutionConfigurationPlatforms) = preSolution
		Debug|Any CPU = Debug|Any CPU
		Release|Any CPU = Release|Any CPU
	EndGlobalSection
	GlobalSection(ProjectConfigurationPlatforms) = postSolution
		{2EB8F33C-C77D-44F7-BE7B-C166F8E1D348}.Debug|Any CPU.ActiveCfg = Debug|Any CPU
		{2EB8F33C-C77D-44F7-BE7B-C166F8E1D348}.Debug|Any CPU.Build.0 = Debug|Any CPU
		{2EB8F33C-C77D-44F7-BE7B-C166F8E1D348}.Release|Any CPU.ActiveCfg = Release|Any CPU
		{2EB8F33C-C77D-44F7-BE7B-C166F8E1D348}.Release|Any CPU.Build.0 = Release|Any CPU
	EndGlobalSection
	GlobalSection(SolutionProperties) = preSolution
		HideSolutionNode = FALSE
	EndGlobalSection
	GlobalSection(ExtensibilityGlobals) = postSolution
		SolutionGuid = {3534D2A0-8323-4F00-B747-EA7348E35DE8}
	EndGlobalSection
EndGlobal
